
Microsoft Visual Studio Solution File, Format Version 12.00
# Visual Studio Version 17
VisualStudioVersion = 17.0.31903.59
MinimumVisualStudioVersion = 10.0.40219.1
Project("{2150E333-8FDC-42A3-9474-1A3956D46DE8}") = "src", "src", "{FF22C8B0-5BD8-4C4E-AB28-4888C0BE4782}"
EndProject
Project("{FAE04EC0-301F-11D3-BF4B-00C04F79EFBC}") = "MusicSchool.SchoolManagement.Domain", "src\MusicSchool.SchoolManagement.Domain\MusicSchool.SchoolManagement.Domain.csproj", "{7D88450D-BBBF-4F5B-B9D0-4C315D0765D2}"
EndProject
Project("{FAE04EC0-301F-11D3-BF4B-00C04F79EFBC}") = "MusicSchool.SchoolManagement.Infrastructure", "src\MusicSchool.SchoolManagement.Infrastructure\MusicSchool.SchoolManagement.Infrastructure.csproj", "{F014182C-C6CA-4A83-A1A9-FCE7126FDC01}"
EndProject
Project("{FAE04EC0-301F-11D3-BF4B-00C04F79EFBC}") = "MusicSchool.SchoolManagement.Playground", "src\MusicSchool.SchoolManagement.Playground\MusicSchool.SchoolManagement.Playground.csproj", "{446CEA21-AB47-45B9-9097-32DC0AAAF6C3}"
EndProject
Global
	GlobalSection(SolutionConfigurationPlatforms) = preSolution
		Debug|Any CPU = Debug|Any CPU
		Release|Any CPU = Release|Any CPU
	EndGlobalSection
	GlobalSection(SolutionProperties) = preSolution
		HideSolutionNode = FALSE
	EndGlobalSection
	GlobalSection(ProjectConfigurationPlatforms) = postSolution
		{7D88450D-BBBF-4F5B-B9D0-4C315D0765D2}.Debug|Any CPU.ActiveCfg = Debug|Any CPU
		{7D88450D-BBBF-4F5B-B9D0-4C315D0765D2}.Debug|Any CPU.Build.0 = Debug|Any CPU
		{7D88450D-BBBF-4F5B-B9D0-4C315D0765D2}.Release|Any CPU.ActiveCfg = Release|Any CPU
		{7D88450D-BBBF-4F5B-B9D0-4C315D0765D2}.Release|Any CPU.Build.0 = Release|Any CPU
		{F014182C-C6CA-4A83-A1A9-FCE7126FDC01}.Debug|Any CPU.ActiveCfg = Debug|Any CPU
		{F014182C-C6CA-4A83-A1A9-FCE7126FDC01}.Debug|Any CPU.Build.0 = Debug|Any CPU
		{F014182C-C6CA-4A83-A1A9-FCE7126FDC01}.Release|Any CPU.ActiveCfg = Release|Any CPU
		{F014182C-C6CA-4A83-A1A9-FCE7126FDC01}.Release|Any CPU.Build.0 = Release|Any CPU
		{446CEA21-AB47-45B9-9097-32DC0AAAF6C3}.Debug|Any CPU.ActiveCfg = Debug|Any CPU
		{446CEA21-AB47-45B9-9097-32DC0AAAF6C3}.Debug|Any CPU.Build.0 = Debug|Any CPU
		{446CEA21-AB47-45B9-9097-32DC0AAAF6C3}.Release|Any CPU.ActiveCfg = Release|Any CPU
		{446CEA21-AB47-45B9-9097-32DC0AAAF6C3}.Release|Any CPU.Build.0 = Release|Any CPU
	EndGlobalSection
	GlobalSection(NestedProjects) = preSolution
		{7D88450D-BBBF-4F5B-B9D0-4C315D0765D2} = {FF22C8B0-5BD8-4C4E-AB28-4888C0BE4782}
		{F014182C-C6CA-4A83-A1A9-FCE7126FDC01} = {FF22C8B0-5BD8-4C4E-AB28-4888C0BE4782}
		{446CEA21-AB47-45B9-9097-32DC0AAAF6C3} = {FF22C8B0-5BD8-4C4E-AB28-4888C0BE4782}
	EndGlobalSection
EndGlobal
